
Microsoft Visual Studio Solution File, Format Version 10.00
# Visual Studio 2008
Project("{FAE04EC0-301F-11D3-BF4B-00C04F79EFBC}") = "ContentReader.Lib", "ContentReader\ContentReader.Lib\ContentReader.Lib.csproj", "{50D0B37E-8971-4EDF-AF6A-2AC8A54B8807}"
	ProjectSection(ProjectDependencies) = postProject
		{717D02BA-A26D-4006-BFE5-130F424DF7C8} = {717D02BA-A26D-4006-BFE5-130F424DF7C8}
		{AFDB43D8-E703-470F-923B-A826D13F32C5} = {AFDB43D8-E703-470F-923B-A826D13F32C5}
	EndProjectSection
EndProject
Project("{FAE04EC0-301F-11D3-BF4B-00C04F79EFBC}") = "PersianTools.Lib", "PersianTools\PersianTools.Lib\PersianTools.Lib.csproj", "{AFDB43D8-E703-470F-923B-A826D13F32C5}"
EndProject
Project("{FAE04EC0-301F-11D3-BF4B-00C04F79EFBC}") = "PinglishConverter.Lib", "PinglishConverter\PinglishConverter.Lib\PinglishConverter.Lib.csproj", "{3766D1C4-437A-4711-8C9F-56BD79D871EE}"
	ProjectSection(ProjectDependencies) = postProject
		{73C3CEA9-8BDF-4447-9866-A764472D7CED} = {73C3CEA9-8BDF-4447-9866-A764472D7CED}
		{717D02BA-A26D-4006-BFE5-130F424DF7C8} = {717D02BA-A26D-4006-BFE5-130F424DF7C8}
		{AFDB43D8-E703-470F-923B-A826D13F32C5} = {AFDB43D8-E703-470F-923B-A826D13F32C5}
	EndProjectSection
EndProject
Project("{FAE04EC0-301F-11D3-BF4B-00C04F79EFBC}") = "WordContainer.Lib", "WordContainer\WordContainer.Lib\WordContainer.Lib.csproj", "{0F51D5A7-59B4-4367-8413-2E723790D4F6}"
	ProjectSection(ProjectDependencies) = postProject
		{717D02BA-A26D-4006-BFE5-130F424DF7C8} = {717D02BA-A26D-4006-BFE5-130F424DF7C8}
		{AFDB43D8-E703-470F-923B-A826D13F32C5} = {AFDB43D8-E703-470F-923B-A826D13F32C5}
	EndProjectSection
EndProject
Project("{FAE04EC0-301F-11D3-BF4B-00C04F79EFBC}") = "Punctuation.Lib", "Punctuation\PunctuationChecker.Lib\Punctuation.Lib.csproj", "{6FEA7418-CDE7-49F8-B3EC-DA797C7DF698}"
EndProject
Project("{FAE04EC0-301F-11D3-BF4B-00C04F79EFBC}") = "SpellChecker.Lib", "SpellChecker\SpellChecker.Lib\SpellChecker.Lib.csproj", "{73C3CEA9-8BDF-4447-9866-A764472D7CED}"
	ProjectSection(ProjectDependencies) = postProject
		{4E37203A-F050-4A9A-A430-002764599812} = {4E37203A-F050-4A9A-A430-002764599812}
		{74FD816A-DC84-4E71-B499-EF8804EE74CD} = {74FD816A-DC84-4E71-B499-EF8804EE74CD}
		{0F51D5A7-59B4-4367-8413-2E723790D4F6} = {0F51D5A7-59B4-4367-8413-2E723790D4F6}
		{717D02BA-A26D-4006-BFE5-130F424DF7C8} = {717D02BA-A26D-4006-BFE5-130F424DF7C8}
		{AFDB43D8-E703-470F-923B-A826D13F32C5} = {AFDB43D8-E703-470F-923B-A826D13F32C5}
		{AB4327E0-8E26-4ED9-B57D-885D1608A523} = {AB4327E0-8E26-4ED9-B57D-885D1608A523}
		{B5ADACFA-8C81-4672-B37E-D0EF0647DF48} = {B5ADACFA-8C81-4672-B37E-D0EF0647DF48}
	EndProjectSection
EndProject
Project("{FAE04EC0-301F-11D3-BF4B-00C04F79EFBC}") = "WordGenerator", "SpellChecker\WordGenerator\WordGenerator.csproj", "{AB4327E0-8E26-4ED9-B57D-885D1608A523}"
	ProjectSection(ProjectDependencies) = postProject
		{AFDB43D8-E703-470F-923B-A826D13F32C5} = {AFDB43D8-E703-470F-923B-A826D13F32C5}
	EndProjectSection
EndProject
Project("{FAE04EC0-301F-11D3-BF4B-00C04F79EFBC}") = "StringDistance.Lib", "StringDistance\StringDistance.Lib\StringDistance.Lib.csproj", "{4E37203A-F050-4A9A-A430-002764599812}"
	ProjectSection(ProjectDependencies) = postProject
		{717D02BA-A26D-4006-BFE5-130F424DF7C8} = {717D02BA-A26D-4006-BFE5-130F424DF7C8}
		{AFDB43D8-E703-470F-923B-A826D13F32C5} = {AFDB43D8-E703-470F-923B-A826D13F32C5}
	EndProjectSection
EndProject
Project("{FAE04EC0-301F-11D3-BF4B-00C04F79EFBC}") = "SCICT.Utility", "Utility\Utility\SCICT.Utility.csproj", "{717D02BA-A26D-4006-BFE5-130F424DF7C8}"
	ProjectSection(ProjectDependencies) = postProject
		{AFDB43D8-E703-470F-923B-A826D13F32C5} = {AFDB43D8-E703-470F-923B-A826D13F32C5}
	EndProjectSection
EndProject
Project("{FAE04EC0-301F-11D3-BF4B-00C04F79EFBC}") = "Morphologyanalyser.Lib", "MorphologyAnalyser\Morphologyanalyser.Lib\Morphologyanalyser.Lib.csproj", "{B5ADACFA-8C81-4672-B37E-D0EF0647DF48}"
	ProjectSection(ProjectDependencies) = postProject
		{717D02BA-A26D-4006-BFE5-130F424DF7C8} = {717D02BA-A26D-4006-BFE5-130F424DF7C8}
		{AFDB43D8-E703-470F-923B-A826D13F32C5} = {AFDB43D8-E703-470F-923B-A826D13F32C5}
	EndProjectSection
EndProject
Project("{FAE04EC0-301F-11D3-BF4B-00C04F79EFBC}") = "Transliterator", "PinglishConverter\Transliterator\Transliterator.csproj", "{A7F20D7B-C9D4-4AD0-BC04-3AF6535BCF92}"
	ProjectSection(ProjectDependencies) = postProject
		{73C3CEA9-8BDF-4447-9866-A764472D7CED} = {73C3CEA9-8BDF-4447-9866-A764472D7CED}
		{717D02BA-A26D-4006-BFE5-130F424DF7C8} = {717D02BA-A26D-4006-BFE5-130F424DF7C8}
		{AFDB43D8-E703-470F-923B-A826D13F32C5} = {AFDB43D8-E703-470F-923B-A826D13F32C5}
		{B5ADACFA-8C81-4672-B37E-D0EF0647DF48} = {B5ADACFA-8C81-4672-B37E-D0EF0647DF48}
	EndProjectSection
EndProject
Project("{FAE04EC0-301F-11D3-BF4B-00C04F79EFBC}") = "PartOfSpeechTagger", "PartOfSpeechTagger\PartOfSpeechTagger\PartOfSpeechTagger.csproj", "{02652F35-D81C-4B97-A0F1-D563B57048A5}"
	ProjectSection(ProjectDependencies) = postProject
		{74FD816A-DC84-4E71-B499-EF8804EE74CD} = {74FD816A-DC84-4E71-B499-EF8804EE74CD}
		{B5ADACFA-8C81-4672-B37E-D0EF0647DF48} = {B5ADACFA-8C81-4672-B37E-D0EF0647DF48}
	EndProjectSection
EndProject
Project("{FAE04EC0-301F-11D3-BF4B-00C04F79EFBC}") = "LanguageModel", "LanguageModel\LanguageModel\LanguageModel.csproj", "{03D46F77-46BC-427C-B666-4EA82A760F8C}"
	ProjectSection(ProjectDependencies) = postProject
		{0F51D5A7-59B4-4367-8413-2E723790D4F6} = {0F51D5A7-59B4-4367-8413-2E723790D4F6}
		{717D02BA-A26D-4006-BFE5-130F424DF7C8} = {717D02BA-A26D-4006-BFE5-130F424DF7C8}
		{AFDB43D8-E703-470F-923B-A826D13F32C5} = {AFDB43D8-E703-470F-923B-A826D13F32C5}
		{B5ADACFA-8C81-4672-B37E-D0EF0647DF48} = {B5ADACFA-8C81-4672-B37E-D0EF0647DF48}
	EndProjectSection
EndProject
Project("{FAE04EC0-301F-11D3-BF4B-00C04F79EFBC}") = "PersianVerb.Lib", "PersianVerb\PersianVerb.Lib\PersianVerb.Lib.csproj", "{74FD816A-DC84-4E71-B499-EF8804EE74CD}"
	ProjectSection(ProjectDependencies) = postProject
		{717D02BA-A26D-4006-BFE5-130F424DF7C8} = {717D02BA-A26D-4006-BFE5-130F424DF7C8}
	EndProjectSection
EndProject
Global
	GlobalSection(SolutionConfigurationPlatforms) = preSolution
		Debug|Any CPU = Debug|Any CPU
		DebugWithSetup|Any CPU = DebugWithSetup|Any CPU
		Release|Any CPU = Release|Any CPU
	EndGlobalSection
	GlobalSection(ProjectConfigurationPlatforms) = postSolution
		{50D0B37E-8971-4EDF-AF6A-2AC8A54B8807}.Debug|Any CPU.ActiveCfg = Debug|Any CPU
		{50D0B37E-8971-4EDF-AF6A-2AC8A54B8807}.Debug|Any CPU.Build.0 = Debug|Any CPU
		{50D0B37E-8971-4EDF-AF6A-2AC8A54B8807}.DebugWithSetup|Any CPU.ActiveCfg = Debug|Any CPU
		{50D0B37E-8971-4EDF-AF6A-2AC8A54B8807}.DebugWithSetup|Any CPU.Build.0 = Debug|Any CPU
		{50D0B37E-8971-4EDF-AF6A-2AC8A54B8807}.Release|Any CPU.ActiveCfg = Release|Any CPU
		{50D0B37E-8971-4EDF-AF6A-2AC8A54B8807}.Release|Any CPU.Build.0 = Release|Any CPU
		{AFDB43D8-E703-470F-923B-A826D13F32C5}.Debug|Any CPU.ActiveCfg = Debug|Any CPU
		{AFDB43D8-E703-470F-923B-A826D13F32C5}.Debug|Any CPU.Build.0 = Debug|Any CPU
		{AFDB43D8-E703-470F-923B-A826D13F32C5}.DebugWithSetup|Any CPU.ActiveCfg = Debug|Any CPU
		{AFDB43D8-E703-470F-923B-A826D13F32C5}.DebugWithSetup|Any CPU.Build.0 = Debug|Any CPU
		{AFDB43D8-E703-470F-923B-A826D13F32C5}.Release|Any CPU.ActiveCfg = Release|Any CPU
		{AFDB43D8-E703-470F-923B-A826D13F32C5}.Release|Any CPU.Build.0 = Release|Any CPU
		{3766D1C4-437A-4711-8C9F-56BD79D871EE}.Debug|Any CPU.ActiveCfg = Debug|Any CPU
		{3766D1C4-437A-4711-8C9F-56BD79D871EE}.Debug|Any CPU.Build.0 = Debug|Any CPU
		{3766D1C4-437A-4711-8C9F-56BD79D871EE}.DebugWithSetup|Any CPU.ActiveCfg = Debug|Any CPU
		{3766D1C4-437A-4711-8C9F-56BD79D871EE}.DebugWithSetup|Any CPU.Build.0 = Debug|Any CPU
		{3766D1C4-437A-4711-8C9F-56BD79D871EE}.Release|Any CPU.ActiveCfg = Release|Any CPU
		{3766D1C4-437A-4711-8C9F-56BD79D871EE}.Release|Any CPU.Build.0 = Release|Any CPU
		{0F51D5A7-59B4-4367-8413-2E723790D4F6}.Debug|Any CPU.ActiveCfg = Debug|Any CPU
		{0F51D5A7-59B4-4367-8413-2E723790D4F6}.Debug|Any CPU.Build.0 = Debug|Any CPU
		{0F51D5A7-59B4-4367-8413-2E723790D4F6}.DebugWithSetup|Any CPU.ActiveCfg = Debug|Any CPU
		{0F51D5A7-59B4-4367-8413-2E723790D4F6}.DebugWithSetup|Any CPU.Build.0 = Debug|Any CPU
		{0F51D5A7-59B4-4367-8413-2E723790D4F6}.Release|Any CPU.ActiveCfg = Release|Any CPU
		{0F51D5A7-59B4-4367-8413-2E723790D4F6}.Release|Any CPU.Build.0 = Release|Any CPU
		{6FEA7418-CDE7-49F8-B3EC-DA797C7DF698}.Debug|Any CPU.ActiveCfg = Debug|Any CPU
		{6FEA7418-CDE7-49F8-B3EC-DA797C7DF698}.Debug|Any CPU.Build.0 = Debug|Any CPU
		{6FEA7418-CDE7-49F8-B3EC-DA797C7DF698}.DebugWithSetup|Any CPU.ActiveCfg = Debug|Any CPU
		{6FEA7418-CDE7-49F8-B3EC-DA797C7DF698}.DebugWithSetup|Any CPU.Build.0 = Debug|Any CPU
		{6FEA7418-CDE7-49F8-B3EC-DA797C7DF698}.Release|Any CPU.ActiveCfg = Release|Any CPU
		{6FEA7418-CDE7-49F8-B3EC-DA797C7DF698}.Release|Any CPU.Build.0 = Release|Any CPU
		{73C3CEA9-8BDF-4447-9866-A764472D7CED}.Debug|Any CPU.ActiveCfg = Debug|Any CPU
		{73C3CEA9-8BDF-4447-9866-A764472D7CED}.Debug|Any CPU.Build.0 = Debug|Any CPU
		{73C3CEA9-8BDF-4447-9866-A764472D7CED}.DebugWithSetup|Any CPU.ActiveCfg = Debug|Any CPU
		{73C3CEA9-8BDF-4447-9866-A764472D7CED}.DebugWithSetup|Any CPU.Build.0 = Debug|Any CPU
		{73C3CEA9-8BDF-4447-9866-A764472D7CED}.Release|Any CPU.ActiveCfg = Release|Any CPU
		{73C3CEA9-8BDF-4447-9866-A764472D7CED}.Release|Any CPU.Build.0 = Release|Any CPU
		{AB4327E0-8E26-4ED9-B57D-885D1608A523}.Debug|Any CPU.ActiveCfg = Debug|Any CPU
		{AB4327E0-8E26-4ED9-B57D-885D1608A523}.Debug|Any CPU.Build.0 = Debug|Any CPU
		{AB4327E0-8E26-4ED9-B57D-885D1608A523}.DebugWithSetup|Any CPU.ActiveCfg = Debug|Any CPU
		{AB4327E0-8E26-4ED9-B57D-885D1608A523}.DebugWithSetup|Any CPU.Build.0 = Debug|Any CPU
		{AB4327E0-8E26-4ED9-B57D-885D1608A523}.Release|Any CPU.ActiveCfg = Release|Any CPU
		{AB4327E0-8E26-4ED9-B57D-885D1608A523}.Release|Any CPU.Build.0 = Release|Any CPU
		{4E37203A-F050-4A9A-A430-002764599812}.Debug|Any CPU.ActiveCfg = Debug|Any CPU
		{4E37203A-F050-4A9A-A430-002764599812}.Debug|Any CPU.Build.0 = Debug|Any CPU
		{4E37203A-F050-4A9A-A430-002764599812}.DebugWithSetup|Any CPU.ActiveCfg = Debug|Any CPU
		{4E37203A-F050-4A9A-A430-002764599812}.DebugWithSetup|Any CPU.Build.0 = Debug|Any CPU
		{4E37203A-F050-4A9A-A430-002764599812}.Release|Any CPU.ActiveCfg = Release|Any CPU
		{4E37203A-F050-4A9A-A430-002764599812}.Release|Any CPU.Build.0 = Release|Any CPU
		{717D02BA-A26D-4006-BFE5-130F424DF7C8}.Debug|Any CPU.ActiveCfg = Debug|Any CPU
		{717D02BA-A26D-4006-BFE5-130F424DF7C8}.Debug|Any CPU.Build.0 = Debug|Any CPU
		{717D02BA-A26D-4006-BFE5-130F424DF7C8}.DebugWithSetup|Any CPU.ActiveCfg = Debug|Any CPU
		{717D02BA-A26D-4006-BFE5-130F424DF7C8}.DebugWithSetup|Any CPU.Build.0 = Debug|Any CPU
		{717D02BA-A26D-4006-BFE5-130F424DF7C8}.Release|Any CPU.ActiveCfg = Release|Any CPU
		{717D02BA-A26D-4006-BFE5-130F424DF7C8}.Release|Any CPU.Build.0 = Release|Any CPU
		{B5ADACFA-8C81-4672-B37E-D0EF0647DF48}.Debug|Any CPU.ActiveCfg = Debug|Any CPU
		{B5ADACFA-8C81-4672-B37E-D0EF0647DF48}.Debug|Any CPU.Build.0 = Debug|Any CPU
		{B5ADACFA-8C81-4672-B37E-D0EF0647DF48}.DebugWithSetup|Any CPU.ActiveCfg = Debug|Any CPU
		{B5ADACFA-8C81-4672-B37E-D0EF0647DF48}.DebugWithSetup|Any CPU.Build.0 = Debug|Any CPU
		{B5ADACFA-8C81-4672-B37E-D0EF0647DF48}.Release|Any CPU.ActiveCfg = Release|Any CPU
		{B5ADACFA-8C81-4672-B37E-D0EF0647DF48}.Release|Any CPU.Build.0 = Release|Any CPU
		{A7F20D7B-C9D4-4AD0-BC04-3AF6535BCF92}.Debug|Any CPU.ActiveCfg = Debug|Any CPU
		{A7F20D7B-C9D4-4AD0-BC04-3AF6535BCF92}.Debug|Any CPU.Build.0 = Debug|Any CPU
		{A7F20D7B-C9D4-4AD0-BC04-3AF6535BCF92}.DebugWithSetup|Any CPU.ActiveCfg = Debug|Any CPU
		{A7F20D7B-C9D4-4AD0-BC04-3AF6535BCF92}.DebugWithSetup|Any CPU.Build.0 = Debug|Any CPU
		{A7F20D7B-C9D4-4AD0-BC04-3AF6535BCF92}.Release|Any CPU.ActiveCfg = Release|Any CPU
		{A7F20D7B-C9D4-4AD0-BC04-3AF6535BCF92}.Release|Any CPU.Build.0 = Release|Any CPU
		{02652F35-D81C-4B97-A0F1-D563B57048A5}.Debug|Any CPU.ActiveCfg = Debug|Any CPU
		{02652F35-D81C-4B97-A0F1-D563B57048A5}.Debug|Any CPU.Build.0 = Debug|Any CPU
		{02652F35-D81C-4B97-A0F1-D563B57048A5}.DebugWithSetup|Any CPU.ActiveCfg = Debug|Any CPU
		{02652F35-D81C-4B97-A0F1-D563B57048A5}.DebugWithSetup|Any CPU.Build.0 = Debug|Any CPU
		{02652F35-D81C-4B97-A0F1-D563B57048A5}.Release|Any CPU.ActiveCfg = Release|Any CPU
		{02652F35-D81C-4B97-A0F1-D563B57048A5}.Release|Any CPU.Build.0 = Release|Any CPU
		{03D46F77-46BC-427C-B666-4EA82A760F8C}.Debug|Any CPU.ActiveCfg = Debug|Any CPU
		{03D46F77-46BC-427C-B666-4EA82A760F8C}.Debug|Any CPU.Build.0 = Debug|Any CPU
		{03D46F77-46BC-427C-B666-4EA82A760F8C}.DebugWithSetup|Any CPU.ActiveCfg = Debug|Any CPU
		{03D46F77-46BC-427C-B666-4EA82A760F8C}.DebugWithSetup|Any CPU.Build.0 = Debug|Any CPU
		{03D46F77-46BC-427C-B666-4EA82A760F8C}.Release|Any CPU.ActiveCfg = Release|Any CPU
		{03D46F77-46BC-427C-B666-4EA82A760F8C}.Release|Any CPU.Build.0 = Release|Any CPU
		{74FD816A-DC84-4E71-B499-EF8804EE74CD}.Debug|Any CPU.ActiveCfg = Debug|Any CPU
		{74FD816A-DC84-4E71-B499-EF8804EE74CD}.Debug|Any CPU.Build.0 = Debug|Any CPU
		{74FD816A-DC84-4E71-B499-EF8804EE74CD}.DebugWithSetup|Any CPU.ActiveCfg = Debug|Any CPU
		{74FD816A-DC84-4E71-B499-EF8804EE74CD}.DebugWithSetup|Any CPU.Build.0 = Debug|Any CPU
		{74FD816A-DC84-4E71-B499-EF8804EE74CD}.Release|Any CPU.ActiveCfg = Release|Any CPU
		{74FD816A-DC84-4E71-B499-EF8804EE74CD}.Release|Any CPU.Build.0 = Release|Any CPU
	EndGlobalSection
	GlobalSection(SolutionProperties) = preSolution
		HideSolutionNode = FALSE
	EndGlobalSection
EndGlobal
